
Microsoft Visual Studio Solution File, Format Version 12.00
# Visual Studio Version 16
VisualStudioVersion = 16.0.30503.244
MinimumVisualStudioVersion = 10.0.40219.1
Project("{9A19103F-16F7-4668-BE54-9A1E7A4F7556}") = "OnlineBookStoreWebApi", "OnlineBookStoreWebApi\OnlineBookStoreWebApi.csproj", "{75C52ECB-DF23-4E3C-BBCD-8B72315F180B}"
EndProject
Project("{9A19103F-16F7-4668-BE54-9A1E7A4F7556}") = "DLL", "DLL\DLL.csproj", "{510A6F0E-B9FE-4BE5-81F9-304826CEA538}"
EndProject
Project("{FAE04EC0-301F-11D3-BF4B-00C04F79EFBC}") = "BLL", "BLL\BLL.csproj", "{3AA8E34A-26E0-490B-BFFF-D679261BA4BC}"
EndProject
Global
	GlobalSection(SolutionConfigurationPlatforms) = preSolution
		Debug|Any CPU = Debug|Any CPU
		Release|Any CPU = Release|Any CPU
	EndGlobalSection
	GlobalSection(ProjectConfigurationPlatforms) = postSolution
		{75C52ECB-DF23-4E3C-BBCD-8B72315F180B}.Debug|Any CPU.ActiveCfg = Debug|Any CPU
		{75C52ECB-DF23-4E3C-BBCD-8B72315F180B}.Debug|Any CPU.Build.0 = Debug|Any CPU
		{75C52ECB-DF23-4E3C-BBCD-8B72315F180B}.Release|Any CPU.ActiveCfg = Release|Any CPU
		{75C52ECB-DF23-4E3C-BBCD-8B72315F180B}.Release|Any CPU.Build.0 = Release|Any CPU
		{510A6F0E-B9FE-4BE5-81F9-304826CEA538}.Debug|Any CPU.ActiveCfg = Debug|Any CPU
		{510A6F0E-B9FE-4BE5-81F9-304826CEA538}.Debug|Any CPU.Build.0 = Debug|Any CPU
		{510A6F0E-B9FE-4BE5-81F9-304826CEA538}.Release|Any CPU.ActiveCfg = Release|Any CPU
		{510A6F0E-B9FE-4BE5-81F9-304826CEA538}.Release|Any CPU.Build.0 = Release|Any CPU
		{3AA8E34A-26E0-490B-BFFF-D679261BA4BC}.Debug|Any CPU.ActiveCfg = Debug|Any CPU
		{3AA8E34A-26E0-490B-BFFF-D679261BA4BC}.Debug|Any CPU.Build.0 = Debug|Any CPU
		{3AA8E34A-26E0-490B-BFFF-D679261BA4BC}.Release|Any CPU.ActiveCfg = Release|Any CPU
		{3AA8E34A-26E0-490B-BFFF-D679261BA4BC}.Release|Any CPU.Build.0 = Release|Any CPU
	EndGlobalSection
	GlobalSection(SolutionProperties) = preSolution
		HideSolutionNode = FALSE
	EndGlobalSection
	GlobalSection(ExtensibilityGlobals) = postSolution
		SolutionGuid = {3C702B96-9600-435A-965B-E297F08C48BA}
	EndGlobalSection
EndGlobal
